{
  "name": "js-funda",
  "version": "0.0.1",
  "lockfileVersion": 3,
  "requires": true,
  "packages": {
    "": {
      "name": "js-funda",
      "version": "0.0.1",
      "license": "ISC",
      "dependencies": {
        "ascii-table": "^0.0.9"
      }
    },
    "node_modules/ascii-table": {
      "version": "0.0.9",
      "resolved": "https://registry.npmjs.org/ascii-table/-/ascii-table-0.0.9.tgz",
      "integrity": "sha512-xpkr6sCDIYTPqzvjG8M3ncw1YOTaloWZOyrUmicoEifBEKzQzt+ooUpRpQ/AbOoJfO/p2ZKiyp79qHThzJDulQ=="
    }
  }
}
